
Microsoft Visual Studio Solution File, Format Version 12.00
# Visual Studio Version 17
VisualStudioVersion = 17.1.32421.90
MinimumVisualStudioVersion = 10.0.40219.1
Project("{FAE04EC0-301F-11D3-BF4B-00C04F79EFBC}") = "snackAndLadder", "snackAndLadder\snackAndLadder.csproj", "{633922D8-2B1A-4F23-9EF7-17DFFFE98340}"
EndProject
Global
	GlobalSection(SolutionConfigurationPlatforms) = preSolution
		Debug|Any CPU = Debug|Any CPU
		Release|Any CPU = Release|Any CPU
	EndGlobalSection
	GlobalSection(ProjectConfigurationPlatforms) = postSolution
		{633922D8-2B1A-4F23-9EF7-17DFFFE98340}.Debug|Any CPU.ActiveCfg = Debug|Any CPU
		{633922D8-2B1A-4F23-9EF7-17DFFFE98340}.Debug|Any CPU.Build.0 = Debug|Any CPU
		{633922D8-2B1A-4F23-9EF7-17DFFFE98340}.Release|Any CPU.ActiveCfg = Release|Any CPU
		{633922D8-2B1A-4F23-9EF7-17DFFFE98340}.Release|Any CPU.Build.0 = Release|Any CPU
	EndGlobalSection
	GlobalSection(SolutionProperties) = preSolution
		HideSolutionNode = FALSE
	EndGlobalSection
	GlobalSection(ExtensibilityGlobals) = postSolution
		SolutionGuid = {ED01024D-5F1A-47AF-875F-681F6B195259}
	EndGlobalSection
EndGlobal
